
Microsoft Visual Studio Solution File, Format Version 12.00
# Visual Studio Version 17
VisualStudioVersion = 17.9.34607.119
MinimumVisualStudioVersion = 10.0.40219.1
Project("{FAE04EC0-301F-11D3-BF4B-00C04F79EFBC}") = "Tik-Tac-Toe", "Tik-Tac-Toe\Tik-Tac-Toe.csproj", "{307A0532-A87B-4B3A-990F-0C09DF39E54F}"
EndProject
Global
	GlobalSection(SolutionConfigurationPlatforms) = preSolution
		Debug|Any CPU = Debug|Any CPU
		Release|Any CPU = Release|Any CPU
	EndGlobalSection
	GlobalSection(ProjectConfigurationPlatforms) = postSolution
		{307A0532-A87B-4B3A-990F-0C09DF39E54F}.Debug|Any CPU.ActiveCfg = Debug|Any CPU
		{307A0532-A87B-4B3A-990F-0C09DF39E54F}.Debug|Any CPU.Build.0 = Debug|Any CPU
		{307A0532-A87B-4B3A-990F-0C09DF39E54F}.Release|Any CPU.ActiveCfg = Release|Any CPU
		{307A0532-A87B-4B3A-990F-0C09DF39E54F}.Release|Any CPU.Build.0 = Release|Any CPU
	EndGlobalSection
	GlobalSection(SolutionProperties) = preSolution
		HideSolutionNode = FALSE
	EndGlobalSection
	GlobalSection(ExtensibilityGlobals) = postSolution
		SolutionGuid = {EA51B731-02B8-4922-9C65-199C402B2FCF}
	EndGlobalSection
EndGlobal
